// !$*UTF8*$!
{
	archiveVersion = 1;
	classes = {
	};
	objectVersion = 48;
	objects = {

/* Begin PBXBuildFile section */
		9A6305931FCFD40A00902815 /* CustomNative.m in Sources */ = {isa = PBXBuildFile; fileRef = 9A6305921FCFD40A00902815 /* CustomNative.m */; };
		9A6305941FCFD40A00902815 /* CustomNative.h in CopyFiles */ = {isa = PBXBuildFile; fileRef = 9A6305911FCFD40A00902815 /* CustomNative.h */; };
		9A63062C1FCFF73600902815 /* BaiduMapAPI_Base.framework in Frameworks */ = {isa = PBXBuildFile; fileRef = 9A6306241FCFF73600902815 /* BaiduMapAPI_Base.framework */; };
		9A63062D1FCFF73600902815 /* BaiduMapAPI_Cloud.framework in Frameworks */ = {isa = PBXBuildFile; fileRef = 9A6306251FCFF73600902815 /* BaiduMapAPI_Cloud.framework */; };
		9A63062E1FCFF73600902815 /* BaiduMapAPI_Location.framework in Frameworks */ = {isa = PBXBuildFile; fileRef = 9A6306261FCFF73600902815 /* BaiduMapAPI_Location.framework */; };
		9A63062F1FCFF73600902815 /* BaiduMapAPI_Map.framework in Frameworks */ = {isa = PBXBuildFile; fileRef = 9A6306271FCFF73600902815 /* BaiduMapAPI_Map.framework */; };
		9A6306301FCFF73600902815 /* BaiduMapAPI_Radar.framework in Frameworks */ = {isa = PBXBuildFile; fileRef = 9A6306281FCFF73600902815 /* BaiduMapAPI_Radar.framework */; };
		9A6306311FCFF73600902815 /* BaiduMapAPI_Search.framework in Frameworks */ = {isa = PBXBuildFile; fileRef = 9A6306291FCFF73600902815 /* BaiduMapAPI_Search.framework */; };
		9A6306321FCFF73600902815 /* BaiduMapAPI_Utils.framework in Frameworks */ = {isa = PBXBuildFile; fileRef = 9A63062A1FCFF73600902815 /* BaiduMapAPI_Utils.framework */; };
		9A6306331FCFF73600902815 /* BaiduTraceSDK.framework in Frameworks */ = {isa = PBXBuildFile; fileRef = 9A63062B1FCFF73600902815 /* BaiduTraceSDK.framework */; };
		9A6306361FD11E9F00902815 /* RNBaiduMapViewManager.m in Sources */ = {isa = PBXBuildFile; fileRef = 9A6306351FD11E9F00902815 /* RNBaiduMapViewManager.m */; };
		9A63063C1FD11F8400902815 /* RNBaiduMapView.m in Sources */ = {isa = PBXBuildFile; fileRef = 9A63063B1FD11F8400902815 /* RNBaiduMapView.m */; };
		9ABDFDAA1FD904F300B28C12 /* libstdc++.6.0.9.tbd in Frameworks */ = {isa = PBXBuildFile; fileRef = 9A4B58781FD8ECE900F569A2 /* libstdc++.6.0.9.tbd */; };
		9ABDFDAB1FD904F300B28C12 /* CoreTelephony.framework in Frameworks */ = {isa = PBXBuildFile; fileRef = 9A4B58771FD8ECE200F569A2 /* CoreTelephony.framework */; };
		9ABDFDAC1FD904F300B28C12 /* libsqlite3.0.tbd in Frameworks */ = {isa = PBXBuildFile; fileRef = 9A4B58761FD8ECDB00F569A2 /* libsqlite3.0.tbd */; };
		9ABDFDAD1FD904F300B28C12 /* Security.framework in Frameworks */ = {isa = PBXBuildFile; fileRef = 9A4B58751FD8ECD400F569A2 /* Security.framework */; };
		9ABDFDAE1FD904F300B28C12 /* CoreGraphics.framework in Frameworks */ = {isa = PBXBuildFile; fileRef = 9A4B58741FD8ECCE00F569A2 /* CoreGraphics.framework */; };
		9ABDFDAF1FD904F300B28C12 /* SystemConfiguration.framework in Frameworks */ = {isa = PBXBuildFile; fileRef = 9A4B58731FD8ECC800F569A2 /* SystemConfiguration.framework */; };
		9ABDFDB01FD904F300B28C12 /* OpenGLES.framework in Frameworks */ = {isa = PBXBuildFile; fileRef = 9A4B58721FD8ECC200F569A2 /* OpenGLES.framework */; };
		9ABDFDB11FD904F300B28C12 /* QuartzCore.framework in Frameworks */ = {isa = PBXBuildFile; fileRef = 9A4B58711FD8ECB700F569A2 /* QuartzCore.framework */; };
		9ABDFDB21FD904F300B28C12 /* CoreLocation.framework in Frameworks */ = {isa = PBXBuildFile; fileRef = 9A4B58701FD8ECB000F569A2 /* CoreLocation.framework */; };
/* End PBXBuildFile section */

/* Begin PBXCopyFilesBuildPhase section */
		9A63058C1FCFD40A00902815 /* CopyFiles */ = {
			isa = PBXCopyFilesBuildPhase;
			buildActionMask = 2147483647;
			dstPath = "include/$(PRODUCT_NAME)";
			dstSubfolderSpec = 16;
			files = (
				9A6305941FCFD40A00902815 /* CustomNative.h in CopyFiles */,
			);
			runOnlyForDeploymentPostprocessing = 0;
		};
/* End PBXCopyFilesBuildPhase section */

/* Begin PBXFileReference section */
		9A4B58701FD8ECB000F569A2 /* CoreLocation.framework */ = {isa = PBXFileReference; lastKnownFileType = wrapper.framework; name = CoreLocation.framework; path = System/Library/Frameworks/CoreLocation.framework; sourceTree = SDKROOT; };
		9A4B58711FD8ECB700F569A2 /* QuartzCore.framework */ = {isa = PBXFileReference; lastKnownFileType = wrapper.framework; name = QuartzCore.framework; path = System/Library/Frameworks/QuartzCore.framework; sourceTree = SDKROOT; };
		9A4B58721FD8ECC200F569A2 /* OpenGLES.framework */ = {isa = PBXFileReference; lastKnownFileType = wrapper.framework; name = OpenGLES.framework; path = System/Library/Frameworks/OpenGLES.framework; sourceTree = SDKROOT; };
		9A4B58731FD8ECC800F569A2 /* SystemConfiguration.framework */ = {isa = PBXFileReference; lastKnownFileType = wrapper.framework; name = SystemConfiguration.framework; path = System/Library/Frameworks/SystemConfiguration.framework; sourceTree = SDKROOT; };
		9A4B58741FD8ECCE00F569A2 /* CoreGraphics.framework */ = {isa = PBXFileReference; lastKnownFileType = wrapper.framework; name = CoreGraphics.framework; path = System/Library/Frameworks/CoreGraphics.framework; sourceTree = SDKROOT; };
		9A4B58751FD8ECD400F569A2 /* Security.framework */ = {isa = PBXFileReference; lastKnownFileType = wrapper.framework; name = Security.framework; path = System/Library/Frameworks/Security.framework; sourceTree = SDKROOT; };
		9A4B58761FD8ECDB00F569A2 /* libsqlite3.0.tbd */ = {isa = PBXFileReference; lastKnownFileType = "sourcecode.text-based-dylib-definition"; name = libsqlite3.0.tbd; path = usr/lib/libsqlite3.0.tbd; sourceTree = SDKROOT; };
		9A4B58771FD8ECE200F569A2 /* CoreTelephony.framework */ = {isa = PBXFileReference; lastKnownFileType = wrapper.framework; name = CoreTelephony.framework; path = System/Library/Frameworks/CoreTelephony.framework; sourceTree = SDKROOT; };
		9A4B58781FD8ECE900F569A2 /* libstdc++.6.0.9.tbd */ = {isa = PBXFileReference; lastKnownFileType = "sourcecode.text-based-dylib-definition"; name = "libstdc++.6.0.9.tbd"; path = "usr/lib/libstdc++.6.0.9.tbd"; sourceTree = SDKROOT; };
		9A63058E1FCFD40A00902815 /* libCustomNative.a */ = {isa = PBXFileReference; explicitFileType = archive.ar; includeInIndex = 0; path = libCustomNative.a; sourceTree = BUILT_PRODUCTS_DIR; };
		9A6305911FCFD40A00902815 /* CustomNative.h */ = {isa = PBXFileReference; lastKnownFileType = sourcecode.c.h; path = CustomNative.h; sourceTree = "<group>"; };
		9A6305921FCFD40A00902815 /* CustomNative.m */ = {isa = PBXFileReference; lastKnownFileType = sourcecode.c.objc; path = CustomNative.m; sourceTree = "<group>"; };
		9A6306241FCFF73600902815 /* BaiduMapAPI_Base.framework */ = {isa = PBXFileReference; lastKnownFileType = wrapper.framework; path = BaiduMapAPI_Base.framework; sourceTree = "<group>"; };
		9A6306251FCFF73600902815 /* BaiduMapAPI_Cloud.framework */ = {isa = PBXFileReference; lastKnownFileType = wrapper.framework; path = BaiduMapAPI_Cloud.framework; sourceTree = "<group>"; };
		9A6306261FCFF73600902815 /* BaiduMapAPI_Location.framework */ = {isa = PBXFileReference; lastKnownFileType = wrapper.framework; path = BaiduMapAPI_Location.framework; sourceTree = "<group>"; };
		9A6306271FCFF73600902815 /* BaiduMapAPI_Map.framework */ = {isa = PBXFileReference; lastKnownFileType = wrapper.framework; path = BaiduMapAPI_Map.framework; sourceTree = "<group>"; };
		9A6306281FCFF73600902815 /* BaiduMapAPI_Radar.framework */ = {isa = PBXFileReference; lastKnownFileType = wrapper.framework; path = BaiduMapAPI_Radar.framework; sourceTree = "<group>"; };
		9A6306291FCFF73600902815 /* BaiduMapAPI_Search.framework */ = {isa = PBXFileReference; lastKnownFileType = wrapper.framework; path = BaiduMapAPI_Search.framework; sourceTree = "<group>"; };
		9A63062A1FCFF73600902815 /* BaiduMapAPI_Utils.framework */ = {isa = PBXFileReference; lastKnownFileType = wrapper.framework; path = BaiduMapAPI_Utils.framework; sourceTree = "<group>"; };
		9A63062B1FCFF73600902815 /* BaiduTraceSDK.framework */ = {isa = PBXFileReference; lastKnownFileType = wrapper.framework; path = BaiduTraceSDK.framework; sourceTree = "<group>"; };
		9A6306341FD11E9F00902815 /* RNBaiduMapViewManager.h */ = {isa = PBXFileReference; lastKnownFileType = sourcecode.c.h; path = RNBaiduMapViewManager.h; sourceTree = "<group>"; };
		9A6306351FD11E9F00902815 /* RNBaiduMapViewManager.m */ = {isa = PBXFileReference; lastKnownFileType = sourcecode.c.objc; path = RNBaiduMapViewManager.m; sourceTree = "<group>"; };
		9A63063A1FD11F8400902815 /* RNBaiduMapView.h */ = {isa = PBXFileReference; lastKnownFileType = sourcecode.c.h; path = RNBaiduMapView.h; sourceTree = "<group>"; };
		9A63063B1FD11F8400902815 /* RNBaiduMapView.m */ = {isa = PBXFileReference; lastKnownFileType = sourcecode.c.objc; path = RNBaiduMapView.m; sourceTree = "<group>"; };
/* End PBXFileReference section */

/* Begin PBXFrameworksBuildPhase section */
		9A63058B1FCFD40A00902815 /* Frameworks */ = {
			isa = PBXFrameworksBuildPhase;
			buildActionMask = 2147483647;
			files = (
				9A63062D1FCFF73600902815 /* BaiduMapAPI_Cloud.framework in Frameworks */,
				9A6306331FCFF73600902815 /* BaiduTraceSDK.framework in Frameworks */,
				9A63062E1FCFF73600902815 /* BaiduMapAPI_Location.framework in Frameworks */,
				9A6306311FCFF73600902815 /* BaiduMapAPI_Search.framework in Frameworks */,
				9A6306301FCFF73600902815 /* BaiduMapAPI_Radar.framework in Frameworks */,
				9A63062C1FCFF73600902815 /* BaiduMapAPI_Base.framework in Frameworks */,
				9A63062F1FCFF73600902815 /* BaiduMapAPI_Map.framework in Frameworks */,
				9A6306321FCFF73600902815 /* BaiduMapAPI_Utils.framework in Frameworks */,
				9ABDFDAA1FD904F300B28C12 /* libstdc++.6.0.9.tbd in Frameworks */,
				9ABDFDAB1FD904F300B28C12 /* CoreTelephony.framework in Frameworks */,
				9ABDFDAC1FD904F300B28C12 /* libsqlite3.0.tbd in Frameworks */,
				9ABDFDAD1FD904F300B28C12 /* Security.framework in Frameworks */,
				9ABDFDAE1FD904F300B28C12 /* CoreGraphics.framework in Frameworks */,
				9ABDFDAF1FD904F300B28C12 /* SystemConfiguration.framework in Frameworks */,
				9ABDFDB01FD904F300B28C12 /* OpenGLES.framework in Frameworks */,
				9ABDFDB11FD904F300B28C12 /* QuartzCore.framework in Frameworks */,
				9ABDFDB21FD904F300B28C12 /* CoreLocation.framework in Frameworks */,
			);
			runOnlyForDeploymentPostprocessing = 0;
		};
/* End PBXFrameworksBuildPhase section */

/* Begin PBXGroup section */
		9A4B586F1FD8ECB000F569A2 /* Frameworks */ = {
			isa = PBXGroup;
			children = (
				9A4B58781FD8ECE900F569A2 /* libstdc++.6.0.9.tbd */,
				9A4B58771FD8ECE200F569A2 /* CoreTelephony.framework */,
				9A4B58761FD8ECDB00F569A2 /* libsqlite3.0.tbd */,
				9A4B58751FD8ECD400F569A2 /* Security.framework */,
				9A4B58741FD8ECCE00F569A2 /* CoreGraphics.framework */,
				9A4B58731FD8ECC800F569A2 /* SystemConfiguration.framework */,
				9A4B58721FD8ECC200F569A2 /* OpenGLES.framework */,
				9A4B58711FD8ECB700F569A2 /* QuartzCore.framework */,
				9A4B58701FD8ECB000F569A2 /* CoreLocation.framework */,
			);
			name = Frameworks;
			sourceTree = "<group>";
		};
		9A6305851FCFD40A00902815 = {
			isa = PBXGroup;
			children = (
				9A6306231FCFF73600902815 /* lib */,
				9A6305901FCFD40A00902815 /* CustomNative */,
				9A63058F1FCFD40A00902815 /* Products */,
				9A4B586F1FD8ECB000F569A2 /* Frameworks */,
			);
			sourceTree = "<group>";
		};
		9A63058F1FCFD40A00902815 /* Products */ = {
			isa = PBXGroup;
			children = (
				9A63058E1FCFD40A00902815 /* libCustomNative.a */,
			);
			name = Products;
			sourceTree = "<group>";
		};
		9A6305901FCFD40A00902815 /* CustomNative */ = {
			isa = PBXGroup;
			children = (
				9A6306211FCFF69F00902815 /* Map */,
				9A6305911FCFD40A00902815 /* CustomNative.h */,
				9A6305921FCFD40A00902815 /* CustomNative.m */,
			);
			path = CustomNative;
			sourceTree = "<group>";
		};
		9A6306211FCFF69F00902815 /* Map */ = {
			isa = PBXGroup;
			children = (
				9A6306221FCFF69F00902815 /* BaiduMap */,
			);
			path = Map;
			sourceTree = "<group>";
		};
		9A6306221FCFF69F00902815 /* BaiduMap */ = {
			isa = PBXGroup;
			children = (
				9A6306341FD11E9F00902815 /* RNBaiduMapViewManager.h */,
				9A6306351FD11E9F00902815 /* RNBaiduMapViewManager.m */,
				9A63063A1FD11F8400902815 /* RNBaiduMapView.h */,
				9A63063B1FD11F8400902815 /* RNBaiduMapView.m */,
			);
			path = BaiduMap;
			sourceTree = "<group>";
		};
		9A6306231FCFF73600902815 /* lib */ = {
			isa = PBXGroup;
			children = (
				9A6306241FCFF73600902815 /* BaiduMapAPI_Base.framework */,
				9A6306251FCFF73600902815 /* BaiduMapAPI_Cloud.framework */,
				9A6306261FCFF73600902815 /* BaiduMapAPI_Location.framework */,
				9A6306271FCFF73600902815 /* BaiduMapAPI_Map.framework */,
				9A6306281FCFF73600902815 /* BaiduMapAPI_Radar.framework */,
				9A6306291FCFF73600902815 /* BaiduMapAPI_Search.framework */,
				9A63062A1FCFF73600902815 /* BaiduMapAPI_Utils.framework */,
				9A63062B1FCFF73600902815 /* BaiduTraceSDK.framework */,
			);
			path = lib;
			sourceTree = "<group>";
		};
/* End PBXGroup section */

/* Begin PBXNativeTarget section */
		9A63058D1FCFD40A00902815 /* CustomNative */ = {
			isa = PBXNativeTarget;
			buildConfigurationList = 9A6305971FCFD40A00902815 /* Build configuration list for PBXNativeTarget "CustomNative" */;
			buildPhases = (
				9A63058A1FCFD40A00902815 /* Sources */,
				9A63058B1FCFD40A00902815 /* Frameworks */,
				9A63058C1FCFD40A00902815 /* CopyFiles */,
			);
			buildRules = (
			);
			dependencies = (
			);
			name = CustomNative;
			productName = CustomNative;
			productReference = 9A63058E1FCFD40A00902815 /* libCustomNative.a */;
			productType = "com.apple.product-type.library.static";
		};
/* End PBXNativeTarget section */

/* Begin PBXProject section */
		9A6305861FCFD40A00902815 /* Project object */ = {
			isa = PBXProject;
			attributes = {
				LastUpgradeCheck = 0910;
				ORGANIZATIONNAME = kuaibiwangluo;
				TargetAttributes = {
					9A63058D1FCFD40A00902815 = {
						CreatedOnToolsVersion = 9.1;
						ProvisioningStyle = Automatic;
					};
				};
			};
			buildConfigurationList = 9A6305891FCFD40A00902815 /* Build configuration list for PBXProject "CustomNative" */;
			compatibilityVersion = "Xcode 8.0";
			developmentRegion = en;
			hasScannedForEncodings = 0;
			knownRegions = (
				en,
			);
			mainGroup = 9A6305851FCFD40A00902815;
			productRefGroup = 9A63058F1FCFD40A00902815 /* Products */;
			projectDirPath = "";
			projectRoot = "";
			targets = (
				9A63058D1FCFD40A00902815 /* CustomNative */,
			);
		};
/* End PBXProject section */

/* Begin PBXSourcesBuildPhase section */
		9A63058A1FCFD40A00902815 /* Sources */ = {
			isa = PBXSourcesBuildPhase;
			buildActionMask = 2147483647;
			files = (
				9A6305931FCFD40A00902815 /* CustomNative.m in Sources */,
				9A63063C1FD11F8400902815 /* RNBaiduMapView.m in Sources */,
				9A6306361FD11E9F00902815 /* RNBaiduMapViewManager.m in Sources */,
			);
			runOnlyForDeploymentPostprocessing = 0;
		};
/* End PBXSourcesBuildPhase section */

/* Begin XCBuildConfiguration section */
		9A6305951FCFD40A00902815 /* Debug */ = {
			isa = XCBuildConfiguration;
			buildSettings = {
				ALWAYS_SEARCH_USER_PATHS = NO;
				CLANG_ANALYZER_NONNULL = YES;
				CLANG_ANALYZER_NUMBER_OBJECT_CONVERSION = YES_AGGRESSIVE;
				CLANG_CXX_LANGUAGE_STANDARD = "gnu++14";
				CLANG_CXX_LIBRARY = "libc++";
				CLANG_ENABLE_MODULES = YES;
				CLANG_ENABLE_OBJC_ARC = YES;
				CLANG_WARN_BLOCK_CAPTURE_AUTORELEASING = YES;
				CLANG_WARN_BOOL_CONVERSION = YES;
				CLANG_WARN_COMMA = YES;
				CLANG_WARN_CONSTANT_CONVERSION = YES;
				CLANG_WARN_DIRECT_OBJC_ISA_USAGE = YES_ERROR;
				CLANG_WARN_DOCUMENTATION_COMMENTS = YES;
				CLANG_WARN_EMPTY_BODY = YES;
				CLANG_WARN_ENUM_CONVERSION = YES;
				CLANG_WARN_INFINITE_RECURSION = YES;
				CLANG_WARN_INT_CONVERSION = YES;
				CLANG_WARN_NON_LITERAL_NULL_CONVERSION = YES;
				CLANG_WARN_OBJC_LITERAL_CONVERSION = YES;
				CLANG_WARN_OBJC_ROOT_CLASS = YES_ERROR;
				CLANG_WARN_RANGE_LOOP_ANALYSIS = YES;
				CLANG_WARN_STRICT_PROTOTYPES = YES;
				CLANG_WARN_SUSPICIOUS_MOVE = YES;
				CLANG_WARN_UNGUARDED_AVAILABILITY = YES_AGGRESSIVE;
				CLANG_WARN_UNREACHABLE_CODE = YES;
				CLANG_WARN__DUPLICATE_METHOD_MATCH = YES;
				CODE_SIGN_IDENTITY = "iPhone Developer";
				COPY_PHASE_STRIP = NO;
				DEBUG_INFORMATION_FORMAT = dwarf;
				ENABLE_STRICT_OBJC_MSGSEND = YES;
				ENABLE_TESTABILITY = YES;
				GCC_C_LANGUAGE_STANDARD = gnu11;
				GCC_DYNAMIC_NO_PIC = NO;
				GCC_NO_COMMON_BLOCKS = YES;
				GCC_OPTIMIZATION_LEVEL = 0;
				GCC_PREPROCESSOR_DEFINITIONS = (
					"DEBUG=1",
					"$(inherited)",
				);
				GCC_WARN_64_TO_32_BIT_CONVERSION = YES;
				GCC_WARN_ABOUT_RETURN_TYPE = YES_ERROR;
				GCC_WARN_UNDECLARED_SELECTOR = YES;
				GCC_WARN_UNINITIALIZED_AUTOS = YES_AGGRESSIVE;
				GCC_WARN_UNUSED_FUNCTION = YES;
				GCC_WARN_UNUSED_VARIABLE = YES;
				IPHONEOS_DEPLOYMENT_TARGET = 8.0;
				MTL_ENABLE_DEBUG_INFO = YES;
				ONLY_ACTIVE_ARCH = YES;
				SDKROOT = iphoneos;
			};
			name = Debug;
		};
		9A6305961FCFD40A00902815 /* Release */ = {
			isa = XCBuildConfiguration;
			buildSettings = {
				ALWAYS_SEARCH_USER_PATHS = NO;
				CLANG_ANALYZER_NONNULL = YES;
				CLANG_ANALYZER_NUMBER_OBJECT_CONVERSION = YES_AGGRESSIVE;
				CLANG_CXX_LANGUAGE_STANDARD = "gnu++14";
				CLANG_CXX_LIBRARY = "libc++";
				CLANG_ENABLE_MODULES = YES;
				CLANG_ENABLE_OBJC_ARC = YES;
				CLANG_WARN_BLOCK_CAPTURE_AUTORELEASING = YES;
				CLANG_WARN_BOOL_CONVERSION = YES;
				CLANG_WARN_COMMA = YES;
				CLANG_WARN_CONSTANT_CONVERSION = YES;
				CLANG_WARN_DIRECT_OBJC_ISA_USAGE = YES_ERROR;
				CLANG_WARN_DOCUMENTATION_COMMENTS = YES;
				CLANG_WARN_EMPTY_BODY = YES;
				CLANG_WARN_ENUM_CONVERSION = YES;
				CLANG_WARN_INFINITE_RECURSION = YES;
				CLANG_WARN_INT_CONVERSION = YES;
				CLANG_WARN_NON_LITERAL_NULL_CONVERSION = YES;
				CLANG_WARN_OBJC_LITERAL_CONVERSION = YES;
				CLANG_WARN_OBJC_ROOT_CLASS = YES_ERROR;
				CLANG_WARN_RANGE_LOOP_ANALYSIS = YES;
				CLANG_WARN_STRICT_PROTOTYPES = YES;
				CLANG_WARN_SUSPICIOUS_MOVE = YES;
				CLANG_WARN_UNGUARDED_AVAILABILITY = YES_AGGRESSIVE;
				CLANG_WARN_UNREACHABLE_CODE = YES;
				CLANG_WARN__DUPLICATE_METHOD_MATCH = YES;
				CODE_SIGN_IDENTITY = "iPhone Developer";
				COPY_PHASE_STRIP = NO;
				DEBUG_INFORMATION_FORMAT = "dwarf-with-dsym";
				ENABLE_NS_ASSERTIONS = NO;
				ENABLE_STRICT_OBJC_MSGSEND = YES;
				GCC_C_LANGUAGE_STANDARD = gnu11;
				GCC_NO_COMMON_BLOCKS = YES;
				GCC_WARN_64_TO_32_BIT_CONVERSION = YES;
				GCC_WARN_ABOUT_RETURN_TYPE = YES_ERROR;
				GCC_WARN_UNDECLARED_SELECTOR = YES;
				GCC_WARN_UNINITIALIZED_AUTOS = YES_AGGRESSIVE;
				GCC_WARN_UNUSED_FUNCTION = YES;
				GCC_WARN_UNUSED_VARIABLE = YES;
				IPHONEOS_DEPLOYMENT_TARGET = 8.0;
				MTL_ENABLE_DEBUG_INFO = NO;
				ONLY_ACTIVE_ARCH = NO;
				SDKROOT = iphoneos;
				VALIDATE_PRODUCT = YES;
			};
			name = Release;
		};
		9A6305981FCFD40A00902815 /* Debug */ = {
			isa = XCBuildConfiguration;
			buildSettings = {
				CODE_SIGN_STYLE = Automatic;
				FRAMEWORK_SEARCH_PATHS = (
					"$(inherited)",
					"$(PROJECT_DIR)/lib",
				);
				HEADER_SEARCH_PATHS = (
					"$(SRCROOT)/../../react-native/React/**",
					"\"$(SRCROOT)/CustomNative/Map/BaiduMap/RNBaiduMapViewManager.h\"",
					"\"$(SRCROOT)/CustomNative/Map/BaiduMap/RNBaiduMapView.h\"",
					"\"$(SRCROOT)/CustomNative/CustomNative.h\"",
				);
				OTHER_LDFLAGS = "-ObjC";
				PRODUCT_NAME = "$(TARGET_NAME)";
				SKIP_INSTALL = YES;
				TARGETED_DEVICE_FAMILY = "1,2";
			};
			name = Debug;
		};
		9A6305991FCFD40A00902815 /* Release */ = {
			isa = XCBuildConfiguration;
			buildSettings = {
				CODE_SIGN_STYLE = Automatic;
				FRAMEWORK_SEARCH_PATHS = (
					"$(inherited)",
					"$(PROJECT_DIR)/lib",
				);
				HEADER_SEARCH_PATHS = (
					"$(SRCROOT)/../../react-native/React/**",
					"\"$(SRCROOT)/CustomNative/Map/BaiduMap/RNBaiduMapViewManager.h\"",
					"\"$(SRCROOT)/CustomNative/Map/BaiduMap/RNBaiduMapView.h\"",
					"\"$(SRCROOT)/CustomNative/CustomNative.h\"",
				);
				OTHER_LDFLAGS = "-ObjC";
				PRODUCT_NAME = "$(TARGET_NAME)";
				SKIP_INSTALL = YES;
				TARGETED_DEVICE_FAMILY = "1,2";
			};
			name = Release;
		};
/* End XCBuildConfiguration section */

/* Begin XCConfigurationList section */
		9A6305891FCFD40A00902815 /* Build configuration list for PBXProject "CustomNative" */ = {
			isa = XCConfigurationList;
			buildConfigurations = (
				9A6305951FCFD40A00902815 /* Debug */,
				9A6305961FCFD40A00902815 /* Release */,
			);
			defaultConfigurationIsVisible = 0;
			defaultConfigurationName = Release;
		};
		9A6305971FCFD40A00902815 /* Build configuration list for PBXNativeTarget "CustomNative" */ = {
			isa = XCConfigurationList;
			buildConfigurations = (
				9A6305981FCFD40A00902815 /* Debug */,
				9A6305991FCFD40A00902815 /* Release */,
			);
			defaultConfigurationIsVisible = 0;
			defaultConfigurationName = Release;
		};
/* End XCConfigurationList section */
	};
	rootObject = 9A6305861FCFD40A00902815 /* Project object */;
}
